
Microsoft Visual Studio Solution File, Format Version 12.00
# Visual Studio Version 16
VisualStudioVersion = 16.0.31624.102
MinimumVisualStudioVersion = 10.0.40219.1
Project("{FAE04EC0-301F-11D3-BF4B-00C04F79EFBC}") = "XamFile.Android", "XamFile\XamFile.Android\XamFile.Android.csproj", "{5D409B0B-0CB0-4316-8A00-DE4BB509258F}"
EndProject
Project("{FAE04EC0-301F-11D3-BF4B-00C04F79EFBC}") = "XamFile.iOS", "XamFile\XamFile.iOS\XamFile.iOS.csproj", "{443FB17E-2964-4851-88E9-13ED6027EFBB}"
EndProject
Project("{FAE04EC0-301F-11D3-BF4B-00C04F79EFBC}") = "XamFile", "XamFile\XamFile\XamFile.csproj", "{23694CA6-88BB-4EDB-BD6F-489701C9323F}"
EndProject
Global
	GlobalSection(SolutionConfigurationPlatforms) = preSolution
		Debug|Any CPU = Debug|Any CPU
		Debug|iPhone = Debug|iPhone
		Debug|iPhoneSimulator = Debug|iPhoneSimulator
		Release|Any CPU = Release|Any CPU
		Release|iPhone = Release|iPhone
		Release|iPhoneSimulator = Release|iPhoneSimulator
	EndGlobalSection
	GlobalSection(ProjectConfigurationPlatforms) = postSolution
		{5D409B0B-0CB0-4316-8A00-DE4BB509258F}.Debug|Any CPU.ActiveCfg = Debug|Any CPU
		{5D409B0B-0CB0-4316-8A00-DE4BB509258F}.Debug|Any CPU.Build.0 = Debug|Any CPU
		{5D409B0B-0CB0-4316-8A00-DE4BB509258F}.Debug|Any CPU.Deploy.0 = Debug|Any CPU
		{5D409B0B-0CB0-4316-8A00-DE4BB509258F}.Debug|iPhone.ActiveCfg = Debug|Any CPU
		{5D409B0B-0CB0-4316-8A00-DE4BB509258F}.Debug|iPhone.Build.0 = Debug|Any CPU
		{5D409B0B-0CB0-4316-8A00-DE4BB509258F}.Debug|iPhone.Deploy.0 = Debug|Any CPU
		{5D409B0B-0CB0-4316-8A00-DE4BB509258F}.Debug|iPhoneSimulator.ActiveCfg = Debug|Any CPU
		{5D409B0B-0CB0-4316-8A00-DE4BB509258F}.Debug|iPhoneSimulator.Build.0 = Debug|Any CPU
		{5D409B0B-0CB0-4316-8A00-DE4BB509258F}.Debug|iPhoneSimulator.Deploy.0 = Debug|Any CPU
		{5D409B0B-0CB0-4316-8A00-DE4BB509258F}.Release|Any CPU.ActiveCfg = Release|Any CPU
		{5D409B0B-0CB0-4316-8A00-DE4BB509258F}.Release|Any CPU.Build.0 = Release|Any CPU
		{5D409B0B-0CB0-4316-8A00-DE4BB509258F}.Release|Any CPU.Deploy.0 = Release|Any CPU
		{5D409B0B-0CB0-4316-8A00-DE4BB509258F}.Release|iPhone.ActiveCfg = Release|Any CPU
		{5D409B0B-0CB0-4316-8A00-DE4BB509258F}.Release|iPhone.Build.0 = Release|Any CPU
		{5D409B0B-0CB0-4316-8A00-DE4BB509258F}.Release|iPhone.Deploy.0 = Release|Any CPU
		{5D409B0B-0CB0-4316-8A00-DE4BB509258F}.Release|iPhoneSimulator.ActiveCfg = Release|Any CPU
		{5D409B0B-0CB0-4316-8A00-DE4BB509258F}.Release|iPhoneSimulator.Build.0 = Release|Any CPU
		{5D409B0B-0CB0-4316-8A00-DE4BB509258F}.Release|iPhoneSimulator.Deploy.0 = Release|Any CPU
		{443FB17E-2964-4851-88E9-13ED6027EFBB}.Debug|Any CPU.ActiveCfg = Debug|iPhone
		{443FB17E-2964-4851-88E9-13ED6027EFBB}.Debug|Any CPU.Build.0 = Debug|iPhone
		{443FB17E-2964-4851-88E9-13ED6027EFBB}.Debug|Any CPU.Deploy.0 = Debug|iPhone
		{443FB17E-2964-4851-88E9-13ED6027EFBB}.Debug|iPhone.ActiveCfg = Debug|iPhone
		{443FB17E-2964-4851-88E9-13ED6027EFBB}.Debug|iPhone.Build.0 = Debug|iPhone
		{443FB17E-2964-4851-88E9-13ED6027EFBB}.Debug|iPhone.Deploy.0 = Debug|iPhone
		{443FB17E-2964-4851-88E9-13ED6027EFBB}.Debug|iPhoneSimulator.ActiveCfg = Debug|iPhoneSimulator
		{443FB17E-2964-4851-88E9-13ED6027EFBB}.Debug|iPhoneSimulator.Build.0 = Debug|iPhoneSimulator
		{443FB17E-2964-4851-88E9-13ED6027EFBB}.Debug|iPhoneSimulator.Deploy.0 = Debug|iPhoneSimulator
		{443FB17E-2964-4851-88E9-13ED6027EFBB}.Release|Any CPU.ActiveCfg = Release|iPhoneSimulator
		{443FB17E-2964-4851-88E9-13ED6027EFBB}.Release|Any CPU.Build.0 = Release|iPhoneSimulator
		{443FB17E-2964-4851-88E9-13ED6027EFBB}.Release|Any CPU.Deploy.0 = Release|iPhoneSimulator
		{443FB17E-2964-4851-88E9-13ED6027EFBB}.Release|iPhone.ActiveCfg = Release|iPhone
		{443FB17E-2964-4851-88E9-13ED6027EFBB}.Release|iPhone.Build.0 = Release|iPhone
		{443FB17E-2964-4851-88E9-13ED6027EFBB}.Release|iPhone.Deploy.0 = Release|iPhone
		{443FB17E-2964-4851-88E9-13ED6027EFBB}.Release|iPhoneSimulator.ActiveCfg = Release|iPhoneSimulator
		{443FB17E-2964-4851-88E9-13ED6027EFBB}.Release|iPhoneSimulator.Build.0 = Release|iPhoneSimulator
		{443FB17E-2964-4851-88E9-13ED6027EFBB}.Release|iPhoneSimulator.Deploy.0 = Release|iPhoneSimulator
		{23694CA6-88BB-4EDB-BD6F-489701C9323F}.Debug|Any CPU.ActiveCfg = Debug|Any CPU
		{23694CA6-88BB-4EDB-BD6F-489701C9323F}.Debug|Any CPU.Build.0 = Debug|Any CPU
		{23694CA6-88BB-4EDB-BD6F-489701C9323F}.Debug|Any CPU.Deploy.0 = Debug|Any CPU
		{23694CA6-88BB-4EDB-BD6F-489701C9323F}.Debug|iPhone.ActiveCfg = Debug|Any CPU
		{23694CA6-88BB-4EDB-BD6F-489701C9323F}.Debug|iPhone.Build.0 = Debug|Any CPU
		{23694CA6-88BB-4EDB-BD6F-489701C9323F}.Debug|iPhone.Deploy.0 = Debug|Any CPU
		{23694CA6-88BB-4EDB-BD6F-489701C9323F}.Debug|iPhoneSimulator.ActiveCfg = Debug|Any CPU
		{23694CA6-88BB-4EDB-BD6F-489701C9323F}.Debug|iPhoneSimulator.Build.0 = Debug|Any CPU
		{23694CA6-88BB-4EDB-BD6F-489701C9323F}.Debug|iPhoneSimulator.Deploy.0 = Debug|Any CPU
		{23694CA6-88BB-4EDB-BD6F-489701C9323F}.Release|Any CPU.ActiveCfg = Release|Any CPU
		{23694CA6-88BB-4EDB-BD6F-489701C9323F}.Release|Any CPU.Build.0 = Release|Any CPU
		{23694CA6-88BB-4EDB-BD6F-489701C9323F}.Release|Any CPU.Deploy.0 = Release|Any CPU
		{23694CA6-88BB-4EDB-BD6F-489701C9323F}.Release|iPhone.ActiveCfg = Release|Any CPU
		{23694CA6-88BB-4EDB-BD6F-489701C9323F}.Release|iPhone.Build.0 = Release|Any CPU
		{23694CA6-88BB-4EDB-BD6F-489701C9323F}.Release|iPhone.Deploy.0 = Release|Any CPU
		{23694CA6-88BB-4EDB-BD6F-489701C9323F}.Release|iPhoneSimulator.ActiveCfg = Release|Any CPU
		{23694CA6-88BB-4EDB-BD6F-489701C9323F}.Release|iPhoneSimulator.Build.0 = Release|Any CPU
		{23694CA6-88BB-4EDB-BD6F-489701C9323F}.Release|iPhoneSimulator.Deploy.0 = Release|Any CPU
	EndGlobalSection
	GlobalSection(SolutionProperties) = preSolution
		HideSolutionNode = FALSE
	EndGlobalSection
	GlobalSection(ExtensibilityGlobals) = postSolution
		SolutionGuid = {BC68F43E-6427-45B9-AEB9-DFD6F9AA373F}
	EndGlobalSection
EndGlobal
